{
    "_readme": [
        "This file locks the dependencies of your project to a known state",
        "Read more about it at https://getcomposer.org/doc/01-basic-usage.md#composer-lock-the-lock-file",
        "This file is @generated automatically"
    ],
    "content-hash": "3136cd7fc01f1fe8dd2e99dbbe507211",
    "packages": [
        {
            "name": "fzaninotto/faker",
            "version": "v1.6.0",
            "source": {
                "type": "git",
                "url": "https://github.com/fzaninotto/Faker.git",
                "reference": "44f9a286a04b80c76a4e5fb7aad8bb539b920123"
            },
            "dist": {
                "type": "zip",
                "url": "https://api.github.com/repos/fzaninotto/Faker/zipball/44f9a286a04b80c76a4e5fb7aad8bb539b920123",
                "reference": "44f9a286a04b80c76a4e5fb7aad8bb539b920123",
                "shasum": ""
            },
            "require": {
                "php": "^5.3.3|^7.0"
            },
            "require-dev": {
                "ext-intl": "*",
                "phpunit/phpunit": "~4.0",
                "squizlabs/php_codesniffer": "~1.5"
            },
            "type": "library",
            "extra": {
                "branch-alias": []
            },
            "autoload": {
                "psr-4": {
                    "Faker\\": "src/Faker/"
                }
            },
            "notification-url": "https://packagist.org/downloads/",
            "license": [
                "MIT"
            ],
            "authors": [
                {
                    "name": "François Zaninotto"
                }
            ],
            "description": "Faker is a PHP library that generates fake data for you.",
            "keywords": [
                "data",
                "faker",
                "fixtures"
            ],
            "time": "2016-04-29T12:21:54+00:00"
        },
        {
            "name": "kwn/number-to-words",
            "version": "1.3.4",
            "source": {
                "type": "git",
                "url": "https://github.com/kwn/number-to-words.git",
                "reference": "335ef2412c35e9325e54ea8aab18119bec5d7305"
            },
            "dist": {
                "type": "zip",
                "url": "https://api.github.com/repos/kwn/number-to-words/zipball/335ef2412c35e9325e54ea8aab18119bec5d7305",
                "reference": "335ef2412c35e9325e54ea8aab18119bec5d7305",
                "shasum": ""
            },
            "require": {
                "php": ">=5.5"
            },
            "require-dev": {
                "codeclimate/php-test-reporter": "~0.4.0",
                "phpmd/phpmd": "~2.6.0",
                "phpunit/phpunit": "~4.8.0",
                "squizlabs/php_codesniffer": "~2.9.0"
            },
            "type": "library",
            "autoload": {
                "psr-4": {
                    "NumberToWords\\": "src"
                }
            },
            "notification-url": "https://packagist.org/downloads/",
            "license": [
                "MIT"
            ],
            "authors": [
                {
                    "name": "Karol Wnuk",
                    "email": "k.wnuk@ascetic.pl"
                }
            ],
            "description": "Multi language standalone PHP number to words converter. Fully tested, open for extensions and new languages.",
            "keywords": [
                "angle",
                "currency",
                "money",
                "number",
                "string",
                "to",
                "words"
            ],
            "time": "2017-05-13T19:42:46+00:00"
        },
        {
            "name": "mpdf/mpdf",
            "version": "v6.1.0",
            "source": {
                "type": "git",
                "url": "https://github.com/mpdf/mpdf.git",
                "reference": "27641244fbd6c42e875b2ef3625bc7aa1db8af8f"
            },
            "dist": {
                "type": "zip",
                "url": "https://api.github.com/repos/mpdf/mpdf/zipball/27641244fbd6c42e875b2ef3625bc7aa1db8af8f",
                "reference": "27641244fbd6c42e875b2ef3625bc7aa1db8af8f",
                "shasum": ""
            },
            "require": {
                "ext-mbstring": "*",
                "php": ">=5.4.0",
                "setasign/fpdi": "1.6.*"
            },
            "require-dev": {
                "phpunit/phpunit": "^4.7"
            },
            "suggest": {
                "ext-zlib": "Needed for compression of embedded resources, such as fonts"
            },
            "type": "library",
            "autoload": {
                "classmap": [
                    "mpdf.php",
                    "classes"
                ]
            },
            "notification-url": "https://packagist.org/downloads/",
            "license": [
                "GPL-2.0"
            ],
            "authors": [
                {
                    "name": "Ian Back",
                    "role": "Developer"
                }
            ],
            "description": "A PHP class to generate PDF files from HTML with Unicode/UTF-8 and CJK support",
            "homepage": "http://mpdf.github.io",
            "keywords": [
                "pdf",
                "php",
                "utf-8"
            ],
            "time": "2016-04-26T15:09:38+00:00"
        },
        {
            "name": "setasign/fpdi",
            "version": "1.6.2",
            "source": {
                "type": "git",
                "url": "https://github.com/Setasign/FPDI.git",
                "reference": "a6ad58897a6d97cc2d2cd2adaeda343b25a368ea"
            },
            "dist": {
                "type": "zip",
                "url": "https://api.github.com/repos/Setasign/FPDI/zipball/a6ad58897a6d97cc2d2cd2adaeda343b25a368ea",
                "reference": "a6ad58897a6d97cc2d2cd2adaeda343b25a368ea",
                "shasum": ""
            },
            "suggest": {
                "setasign/fpdf": "FPDI will extend this class but as it is also possible to use \"tecnickcom/tcpdf\" as an alternative there's no fixed dependency configured.",
                "setasign/fpdi-fpdf": "Use this package to automatically evaluate dependencies to FPDF.",
                "setasign/fpdi-tcpdf": "Use this package to automatically evaluate dependencies to TCPDF."
            },
            "type": "library",
            "autoload": {
                "classmap": [
                    "filters/",
                    "fpdi.php",
                    "fpdf_tpl.php",
                    "fpdi_pdf_parser.php",
                    "pdf_context.php"
                ]
            },
            "notification-url": "https://packagist.org/downloads/",
            "license": [
                "MIT"
            ],
            "authors": [
                {
                    "name": "Jan Slabon",
                    "email": "jan.slabon@setasign.com",
                    "homepage": "https://www.setasign.com"
                }
            ],
            "description": "FPDI is a collection of PHP classes facilitating developers to read pages from existing PDF documents and use them as templates in FPDF. Because it is also possible to use FPDI with TCPDF, there are no fixed dependencies defined. Please see suggestions for packages which evaluates the dependencies automatically.",
            "homepage": "https://www.setasign.com/fpdi",
            "keywords": [
                "fpdf",
                "fpdi",
                "pdf"
            ],
            "time": "2017-05-11T14:25:49+00:00"
        }
    ],
    "packages-dev": [],
    "aliases": [],
    "minimum-stability": "stable",
    "stability-flags": [],
    "prefer-stable": false,
    "prefer-lowest": false,
    "platform": [],
    "platform-dev": []
}
